
Microsoft Visual Studio Solution File, Format Version 12.00
# Visual Studio Version 16
VisualStudioVersion = 16.0.31424.327
MinimumVisualStudioVersion = 10.0.40219.1
Project("{FAE04EC0-301F-11D3-BF4B-00C04F79EFBC}") = "SachAdoNet", "SachAdoNet\SachAdoNet.csproj", "{1ECC5721-20CF-4BD6-9C22-592ECA663123}"
EndProject
Global
	GlobalSection(SolutionConfigurationPlatforms) = preSolution
		Debug|Any CPU = Debug|Any CPU
		Release|Any CPU = Release|Any CPU
	EndGlobalSection
	GlobalSection(ProjectConfigurationPlatforms) = postSolution
		{1ECC5721-20CF-4BD6-9C22-592ECA663123}.Debug|Any CPU.ActiveCfg = Debug|Any CPU
		{1ECC5721-20CF-4BD6-9C22-592ECA663123}.Debug|Any CPU.Build.0 = Debug|Any CPU
		{1ECC5721-20CF-4BD6-9C22-592ECA663123}.Release|Any CPU.ActiveCfg = Release|Any CPU
		{1ECC5721-20CF-4BD6-9C22-592ECA663123}.Release|Any CPU.Build.0 = Release|Any CPU
	EndGlobalSection
	GlobalSection(SolutionProperties) = preSolution
		HideSolutionNode = FALSE
	EndGlobalSection
	GlobalSection(ExtensibilityGlobals) = postSolution
		SolutionGuid = {3FCE60AD-845B-46C8-9B2B-B3148D8BF03F}
	EndGlobalSection
EndGlobal
