
Microsoft Visual Studio Solution File, Format Version 12.00
# Visual Studio Version 16
VisualStudioVersion = 16.0.31424.327
MinimumVisualStudioVersion = 10.0.40219.1
Project("{FAE04EC0-301F-11D3-BF4B-00C04F79EFBC}") = "AutoMapinAspNetCore", "AutoMapinAspNetCore\AutoMapinAspNetCore.csproj", "{F12FA62A-D41A-4263-A2C4-C4E8FA088CE3}"
EndProject
Global
	GlobalSection(SolutionConfigurationPlatforms) = preSolution
		Debug|Any CPU = Debug|Any CPU
		Release|Any CPU = Release|Any CPU
	EndGlobalSection
	GlobalSection(ProjectConfigurationPlatforms) = postSolution
		{F12FA62A-D41A-4263-A2C4-C4E8FA088CE3}.Debug|Any CPU.ActiveCfg = Debug|Any CPU
		{F12FA62A-D41A-4263-A2C4-C4E8FA088CE3}.Debug|Any CPU.Build.0 = Debug|Any CPU
		{F12FA62A-D41A-4263-A2C4-C4E8FA088CE3}.Release|Any CPU.ActiveCfg = Release|Any CPU
		{F12FA62A-D41A-4263-A2C4-C4E8FA088CE3}.Release|Any CPU.Build.0 = Release|Any CPU
	EndGlobalSection
	GlobalSection(SolutionProperties) = preSolution
		HideSolutionNode = FALSE
	EndGlobalSection
	GlobalSection(ExtensibilityGlobals) = postSolution
		SolutionGuid = {14178D72-2CD1-423F-AE28-1589555C66B6}
	EndGlobalSection
EndGlobal
